
Microsoft Visual Studio Solution File, Format Version 12.00
# Visual Studio Version 16
VisualStudioVersion = 16.0.31410.357
MinimumVisualStudioVersion = 10.0.40219.1
Project("{2150E333-8FDC-42A3-9474-1A3956D46DE8}") = "Services", "Services", "{11DBA4F5-1474-4F9F-B49F-9BE5B192A337}"
EndProject
Project("{2150E333-8FDC-42A3-9474-1A3956D46DE8}") = "Catalog", "Catalog", "{53B8EB47-9344-40BF-AF50-24A3CD06D081}"
EndProject
Project("{9A19103F-16F7-4668-BE54-9A1E7A4F7556}") = "Catalog.API", "Services\Catalog\Catalog.API\Catalog.API.csproj", "{3EC4FBAB-FAC9-46A2-ACFD-BB62A07CE579}"
EndProject
Project("{E53339B2-1760-4266-BCC7-CA923CBCF16C}") = "docker-compose", "docker-compose.dcproj", "{D282AC3B-FF35-43BF-B51F-E0BEB671D5B9}"
EndProject
Project("{2150E333-8FDC-42A3-9474-1A3956D46DE8}") = "Basket", "Basket", "{F1041AC2-8C1B-4FE1-ABE9-EBF0140F5F85}"
EndProject
Project("{9A19103F-16F7-4668-BE54-9A1E7A4F7556}") = "Basket.API", "Services\Basket\Basket.API\Basket.API.csproj", "{2C908DE7-2034-49AE-B903-C62FDD1B8FB9}"
EndProject
Project("{2150E333-8FDC-42A3-9474-1A3956D46DE8}") = "Discount", "Discount", "{7F5AF9A9-D229-4020-974E-B099DF8435C5}"
EndProject
Project("{9A19103F-16F7-4668-BE54-9A1E7A4F7556}") = "Discount.API", "Services\Discount\Discount.API\Discount.API.csproj", "{AF902847-0814-474D-B2EA-1273EEE88D99}"
EndProject
Project("{FAE04EC0-301F-11D3-BF4B-00C04F79EFBC}") = "Discount.Grpc", "Services\Discount\Discount.Grpc\Discount.Grpc.csproj", "{B59841B6-EEC5-48AE-8A01-5820991DCB34}"
EndProject
Project("{2150E333-8FDC-42A3-9474-1A3956D46DE8}") = "Ordering", "Ordering", "{3BD647F1-B234-4743-A891-FBBDD2830D31}"
EndProject
Project("{FAE04EC0-301F-11D3-BF4B-00C04F79EFBC}") = "Ordering.API", "Services\Ordering\Ordering.API\Ordering.API.csproj", "{6F9DB926-06A9-4F65-9234-FE0EF1A3D85F}"
EndProject
Project("{FAE04EC0-301F-11D3-BF4B-00C04F79EFBC}") = "Ordering.Domain", "Services\Ordering\Ordering.Domain\Ordering.Domain.csproj", "{F6C8A1A0-0AAB-430C-ABF9-35C1726F81AC}"
EndProject
Project("{FAE04EC0-301F-11D3-BF4B-00C04F79EFBC}") = "Ordering.Application", "Services\Ordering\Ordering.Application\Ordering.Application.csproj", "{DB9040D5-6FF4-4DE7-B435-11EAFBE3E9B5}"
EndProject
Project("{FAE04EC0-301F-11D3-BF4B-00C04F79EFBC}") = "Ordering.Infrastructure", "Services\Ordering\Ordering.Infrastructure\Ordering.Infrastructure.csproj", "{A1B60D79-0DB0-4C7B-BDF4-2D1532970B64}"
EndProject
Project("{2150E333-8FDC-42A3-9474-1A3956D46DE8}") = "BuildingBlocks", "BuildingBlocks", "{79410FFA-618A-45A7-88EF-B2F2A1622809}"
EndProject
Project("{FAE04EC0-301F-11D3-BF4B-00C04F79EFBC}") = "EventBus.Messages", "BuildingBlocks\EventBus.Messages\EventBus.Messages.csproj", "{7CBC2BCA-D371-4FC0-8720-82DD227D210B}"
EndProject
Global
	GlobalSection(SolutionConfigurationPlatforms) = preSolution
		Debug|Any CPU = Debug|Any CPU
		Release|Any CPU = Release|Any CPU
	EndGlobalSection
	GlobalSection(ProjectConfigurationPlatforms) = postSolution
		{3EC4FBAB-FAC9-46A2-ACFD-BB62A07CE579}.Debug|Any CPU.ActiveCfg = Debug|Any CPU
		{3EC4FBAB-FAC9-46A2-ACFD-BB62A07CE579}.Debug|Any CPU.Build.0 = Debug|Any CPU
		{3EC4FBAB-FAC9-46A2-ACFD-BB62A07CE579}.Release|Any CPU.ActiveCfg = Release|Any CPU
		{3EC4FBAB-FAC9-46A2-ACFD-BB62A07CE579}.Release|Any CPU.Build.0 = Release|Any CPU
		{D282AC3B-FF35-43BF-B51F-E0BEB671D5B9}.Debug|Any CPU.ActiveCfg = Debug|Any CPU
		{D282AC3B-FF35-43BF-B51F-E0BEB671D5B9}.Debug|Any CPU.Build.0 = Debug|Any CPU
		{D282AC3B-FF35-43BF-B51F-E0BEB671D5B9}.Release|Any CPU.ActiveCfg = Release|Any CPU
		{D282AC3B-FF35-43BF-B51F-E0BEB671D5B9}.Release|Any CPU.Build.0 = Release|Any CPU
		{2C908DE7-2034-49AE-B903-C62FDD1B8FB9}.Debug|Any CPU.ActiveCfg = Debug|Any CPU
		{2C908DE7-2034-49AE-B903-C62FDD1B8FB9}.Debug|Any CPU.Build.0 = Debug|Any CPU
		{2C908DE7-2034-49AE-B903-C62FDD1B8FB9}.Release|Any CPU.ActiveCfg = Release|Any CPU
		{2C908DE7-2034-49AE-B903-C62FDD1B8FB9}.Release|Any CPU.Build.0 = Release|Any CPU
		{AF902847-0814-474D-B2EA-1273EEE88D99}.Debug|Any CPU.ActiveCfg = Debug|Any CPU
		{AF902847-0814-474D-B2EA-1273EEE88D99}.Debug|Any CPU.Build.0 = Debug|Any CPU
		{AF902847-0814-474D-B2EA-1273EEE88D99}.Release|Any CPU.ActiveCfg = Release|Any CPU
		{AF902847-0814-474D-B2EA-1273EEE88D99}.Release|Any CPU.Build.0 = Release|Any CPU
		{B59841B6-EEC5-48AE-8A01-5820991DCB34}.Debug|Any CPU.ActiveCfg = Debug|Any CPU
		{B59841B6-EEC5-48AE-8A01-5820991DCB34}.Debug|Any CPU.Build.0 = Debug|Any CPU
		{B59841B6-EEC5-48AE-8A01-5820991DCB34}.Release|Any CPU.ActiveCfg = Release|Any CPU
		{B59841B6-EEC5-48AE-8A01-5820991DCB34}.Release|Any CPU.Build.0 = Release|Any CPU
		{6F9DB926-06A9-4F65-9234-FE0EF1A3D85F}.Debug|Any CPU.ActiveCfg = Debug|Any CPU
		{6F9DB926-06A9-4F65-9234-FE0EF1A3D85F}.Debug|Any CPU.Build.0 = Debug|Any CPU
		{6F9DB926-06A9-4F65-9234-FE0EF1A3D85F}.Release|Any CPU.ActiveCfg = Release|Any CPU
		{6F9DB926-06A9-4F65-9234-FE0EF1A3D85F}.Release|Any CPU.Build.0 = Release|Any CPU
		{F6C8A1A0-0AAB-430C-ABF9-35C1726F81AC}.Debug|Any CPU.ActiveCfg = Debug|Any CPU
		{F6C8A1A0-0AAB-430C-ABF9-35C1726F81AC}.Debug|Any CPU.Build.0 = Debug|Any CPU
		{F6C8A1A0-0AAB-430C-ABF9-35C1726F81AC}.Release|Any CPU.ActiveCfg = Release|Any CPU
		{F6C8A1A0-0AAB-430C-ABF9-35C1726F81AC}.Release|Any CPU.Build.0 = Release|Any CPU
		{DB9040D5-6FF4-4DE7-B435-11EAFBE3E9B5}.Debug|Any CPU.ActiveCfg = Debug|Any CPU
		{DB9040D5-6FF4-4DE7-B435-11EAFBE3E9B5}.Debug|Any CPU.Build.0 = Debug|Any CPU
		{DB9040D5-6FF4-4DE7-B435-11EAFBE3E9B5}.Release|Any CPU.ActiveCfg = Release|Any CPU
		{DB9040D5-6FF4-4DE7-B435-11EAFBE3E9B5}.Release|Any CPU.Build.0 = Release|Any CPU
		{A1B60D79-0DB0-4C7B-BDF4-2D1532970B64}.Debug|Any CPU.ActiveCfg = Debug|Any CPU
		{A1B60D79-0DB0-4C7B-BDF4-2D1532970B64}.Debug|Any CPU.Build.0 = Debug|Any CPU
		{A1B60D79-0DB0-4C7B-BDF4-2D1532970B64}.Release|Any CPU.ActiveCfg = Release|Any CPU
		{A1B60D79-0DB0-4C7B-BDF4-2D1532970B64}.Release|Any CPU.Build.0 = Release|Any CPU
		{7CBC2BCA-D371-4FC0-8720-82DD227D210B}.Debug|Any CPU.ActiveCfg = Debug|Any CPU
		{7CBC2BCA-D371-4FC0-8720-82DD227D210B}.Debug|Any CPU.Build.0 = Debug|Any CPU
		{7CBC2BCA-D371-4FC0-8720-82DD227D210B}.Release|Any CPU.ActiveCfg = Release|Any CPU
		{7CBC2BCA-D371-4FC0-8720-82DD227D210B}.Release|Any CPU.Build.0 = Release|Any CPU
	EndGlobalSection
	GlobalSection(SolutionProperties) = preSolution
		HideSolutionNode = FALSE
	EndGlobalSection
	GlobalSection(NestedProjects) = preSolution
		{53B8EB47-9344-40BF-AF50-24A3CD06D081} = {11DBA4F5-1474-4F9F-B49F-9BE5B192A337}
		{3EC4FBAB-FAC9-46A2-ACFD-BB62A07CE579} = {53B8EB47-9344-40BF-AF50-24A3CD06D081}
		{F1041AC2-8C1B-4FE1-ABE9-EBF0140F5F85} = {11DBA4F5-1474-4F9F-B49F-9BE5B192A337}
		{2C908DE7-2034-49AE-B903-C62FDD1B8FB9} = {F1041AC2-8C1B-4FE1-ABE9-EBF0140F5F85}
		{7F5AF9A9-D229-4020-974E-B099DF8435C5} = {11DBA4F5-1474-4F9F-B49F-9BE5B192A337}
		{AF902847-0814-474D-B2EA-1273EEE88D99} = {7F5AF9A9-D229-4020-974E-B099DF8435C5}
		{B59841B6-EEC5-48AE-8A01-5820991DCB34} = {7F5AF9A9-D229-4020-974E-B099DF8435C5}
		{3BD647F1-B234-4743-A891-FBBDD2830D31} = {11DBA4F5-1474-4F9F-B49F-9BE5B192A337}
		{6F9DB926-06A9-4F65-9234-FE0EF1A3D85F} = {3BD647F1-B234-4743-A891-FBBDD2830D31}
		{F6C8A1A0-0AAB-430C-ABF9-35C1726F81AC} = {3BD647F1-B234-4743-A891-FBBDD2830D31}
		{DB9040D5-6FF4-4DE7-B435-11EAFBE3E9B5} = {3BD647F1-B234-4743-A891-FBBDD2830D31}
		{A1B60D79-0DB0-4C7B-BDF4-2D1532970B64} = {3BD647F1-B234-4743-A891-FBBDD2830D31}
		{7CBC2BCA-D371-4FC0-8720-82DD227D210B} = {79410FFA-618A-45A7-88EF-B2F2A1622809}
	EndGlobalSection
	GlobalSection(ExtensibilityGlobals) = postSolution
		SolutionGuid = {EC4648FE-E44F-4990-A0BF-88A375EE9094}
	EndGlobalSection
EndGlobal
