
Microsoft Visual Studio Solution File, Format Version 12.00
# Visual Studio Version 16
VisualStudioVersion = 16.0.31410.357
MinimumVisualStudioVersion = 10.0.40219.1
Project("{2150E333-8FDC-42A3-9474-1A3956D46DE8}") = "Services", "Services", "{11DBA4F5-1474-4F9F-B49F-9BE5B192A337}"
EndProject
Project("{2150E333-8FDC-42A3-9474-1A3956D46DE8}") = "Catalog", "Catalog", "{53B8EB47-9344-40BF-AF50-24A3CD06D081}"
EndProject
Project("{9A19103F-16F7-4668-BE54-9A1E7A4F7556}") = "Catalog.API", "Services\Catalog\Catalog.API\Catalog.API.csproj", "{3EC4FBAB-FAC9-46A2-ACFD-BB62A07CE579}"
EndProject
Project("{E53339B2-1760-4266-BCC7-CA923CBCF16C}") = "docker-compose", "docker-compose.dcproj", "{D282AC3B-FF35-43BF-B51F-E0BEB671D5B9}"
EndProject
Project("{2150E333-8FDC-42A3-9474-1A3956D46DE8}") = "Basket", "Basket", "{F1041AC2-8C1B-4FE1-ABE9-EBF0140F5F85}"
EndProject
Project("{FAE04EC0-301F-11D3-BF4B-00C04F79EFBC}") = "Basket.API", "Services\Basket\Basket.API\Basket.API.csproj", "{2C908DE7-2034-49AE-B903-C62FDD1B8FB9}"
EndProject
Project("{2150E333-8FDC-42A3-9474-1A3956D46DE8}") = "Discount", "Discount", "{7F5AF9A9-D229-4020-974E-B099DF8435C5}"
EndProject
Project("{FAE04EC0-301F-11D3-BF4B-00C04F79EFBC}") = "Discount.API", "Services\Discount\Discount.API\Discount.API.csproj", "{AF902847-0814-474D-B2EA-1273EEE88D99}"
EndProject
Global
	GlobalSection(SolutionConfigurationPlatforms) = preSolution
		Debug|Any CPU = Debug|Any CPU
		Release|Any CPU = Release|Any CPU
	EndGlobalSection
	GlobalSection(ProjectConfigurationPlatforms) = postSolution
		{3EC4FBAB-FAC9-46A2-ACFD-BB62A07CE579}.Debug|Any CPU.ActiveCfg = Debug|Any CPU
		{3EC4FBAB-FAC9-46A2-ACFD-BB62A07CE579}.Debug|Any CPU.Build.0 = Debug|Any CPU
		{3EC4FBAB-FAC9-46A2-ACFD-BB62A07CE579}.Release|Any CPU.ActiveCfg = Release|Any CPU
		{3EC4FBAB-FAC9-46A2-ACFD-BB62A07CE579}.Release|Any CPU.Build.0 = Release|Any CPU
		{D282AC3B-FF35-43BF-B51F-E0BEB671D5B9}.Debug|Any CPU.ActiveCfg = Debug|Any CPU
		{D282AC3B-FF35-43BF-B51F-E0BEB671D5B9}.Debug|Any CPU.Build.0 = Debug|Any CPU
		{D282AC3B-FF35-43BF-B51F-E0BEB671D5B9}.Release|Any CPU.ActiveCfg = Release|Any CPU
		{D282AC3B-FF35-43BF-B51F-E0BEB671D5B9}.Release|Any CPU.Build.0 = Release|Any CPU
		{2C908DE7-2034-49AE-B903-C62FDD1B8FB9}.Debug|Any CPU.ActiveCfg = Debug|Any CPU
		{2C908DE7-2034-49AE-B903-C62FDD1B8FB9}.Debug|Any CPU.Build.0 = Debug|Any CPU
		{2C908DE7-2034-49AE-B903-C62FDD1B8FB9}.Release|Any CPU.ActiveCfg = Release|Any CPU
		{2C908DE7-2034-49AE-B903-C62FDD1B8FB9}.Release|Any CPU.Build.0 = Release|Any CPU
		{AF902847-0814-474D-B2EA-1273EEE88D99}.Debug|Any CPU.ActiveCfg = Debug|Any CPU
		{AF902847-0814-474D-B2EA-1273EEE88D99}.Debug|Any CPU.Build.0 = Debug|Any CPU
		{AF902847-0814-474D-B2EA-1273EEE88D99}.Release|Any CPU.ActiveCfg = Release|Any CPU
		{AF902847-0814-474D-B2EA-1273EEE88D99}.Release|Any CPU.Build.0 = Release|Any CPU
	EndGlobalSection
	GlobalSection(SolutionProperties) = preSolution
		HideSolutionNode = FALSE
	EndGlobalSection
	GlobalSection(NestedProjects) = preSolution
		{53B8EB47-9344-40BF-AF50-24A3CD06D081} = {11DBA4F5-1474-4F9F-B49F-9BE5B192A337}
		{3EC4FBAB-FAC9-46A2-ACFD-BB62A07CE579} = {53B8EB47-9344-40BF-AF50-24A3CD06D081}
		{F1041AC2-8C1B-4FE1-ABE9-EBF0140F5F85} = {11DBA4F5-1474-4F9F-B49F-9BE5B192A337}
		{2C908DE7-2034-49AE-B903-C62FDD1B8FB9} = {F1041AC2-8C1B-4FE1-ABE9-EBF0140F5F85}
		{7F5AF9A9-D229-4020-974E-B099DF8435C5} = {11DBA4F5-1474-4F9F-B49F-9BE5B192A337}
		{AF902847-0814-474D-B2EA-1273EEE88D99} = {7F5AF9A9-D229-4020-974E-B099DF8435C5}
	EndGlobalSection
	GlobalSection(ExtensibilityGlobals) = postSolution
		SolutionGuid = {EC4648FE-E44F-4990-A0BF-88A375EE9094}
	EndGlobalSection
EndGlobal
